schema: '2.0'
stages:
  process:
    cmd: python ./src/data/make_dataset.py ./data/raw/a1_RestaurantReviews_HistoricDump.tsv
      ./data/processed/processed_data.joblib
    deps:
    - path: ./data/raw/a1_RestaurantReviews_HistoricDump.tsv
      md5: f301a6d162636b3c5e31b168ac0052aa
      size: 55585
    - path: ./src/data/make_dataset.py
      hash: md5
      md5: ceb18a01a70e10e159b2c9e485898003
      size: 3699
    outs:
    - path: ./data/processed/processed_data.joblib
      md5: b9ebf24cdaf8211af925afe954c6ecf4
      size: 10224225
  train:
    cmd: "python ./src/models/train_model.py ./data/raw/a1_RestaurantReviews_HistoricDump.tsv
      ./data/processed/processed_data.joblib ./models/sentiment_model.joblib 5\npython
      ./src/models/train_twt_roberta_model.py ./models/twt_roberta_model.pkl\n"
    deps:
    - path: ./data/processed/processed_data.joblib
      md5: b9ebf24cdaf8211af925afe954c6ecf4
      size: 10224225
    - path: ./data/raw/a1_RestaurantReviews_HistoricDump.tsv
      md5: f301a6d162636b3c5e31b168ac0052aa
      size: 55585
    - path: ./src/models/train_model.py
      md5: 3c7b561e5533f44a7b0d6e39849ae6eb
      size: 5079
    - path: ./src/models/train_twt_roberta_model.py
      md5: 6a0051d7785966846bfe07d463140696
      size: 986
    outs:
    - path: ./models/sentiment_model.joblib
      md5: 649615810f57033e7b806a0be21c75e0
      size: 46215
    - path: ./models/twt_roberta_model.pkl
      md5: 89cc5a15fba3bdd13b175c67b66a8f37
      size: 498697062
    - path: metrics.json
      md5: b687424ba324800f72bd06751070c065
      size: 32
  train_nb:
    cmd: "python ./src/models/train_model.py ./data/raw/a1_RestaurantReviews_HistoricDump.tsv
      ./data/processed/processed_data.joblib ./models/sentiment_model.joblib 13\n"
    deps:
    - path: ./data/processed/processed_data.joblib
      md5: b9ebf24cdaf8211af925afe954c6ecf4
      size: 10224225
    - path: ./data/raw/a1_RestaurantReviews_HistoricDump.tsv
      md5: f301a6d162636b3c5e31b168ac0052aa
      size: 55585
    - path: ./src/models/train_model.py
      md5: 3c7b561e5533f44a7b0d6e39849ae6eb
      size: 5079
    outs:
    - path: ./models/sentiment_model.joblib
      md5: ffc5a73024226005ccef0e69bd239b02
      size: 46215
  train-nb:
    cmd: "python ./src/models/train_model.py ./data/raw/a1_RestaurantReviews_HistoricDump.tsv
      ./data/processed/processed_data.joblib ./models/sentiment_model.joblib 16\n"
    deps:
    - path: ./data/processed/processed_data.joblib
      md5: b9ebf24cdaf8211af925afe954c6ecf4
      size: 10224225
    - path: ./data/raw/a1_RestaurantReviews_HistoricDump.tsv
      md5: f301a6d162636b3c5e31b168ac0052aa
      size: 55585
    - path: ./src/models/train_model.py
      hash: md5
      md5: 895ffe9ea7a7bd46d90ba89d4a15d5fc
      size: 4140
    outs:
    - path: ./models/sentiment_model.joblib
      md5: 6efd7286b712ef99d31bb1d1063b7379
      size: 46215
    - path: naive-bayes.json
      md5: 51554a965facf46b22081f30d7b88c05
      size: 32
  train-roberta:
    cmd: "python ./src/models/train_twt_roberta_model.py ./models/twt_roberta_model.pkl\n"
    deps:
    - path: ./src/models/train_twt_roberta_model.py
      hash: md5
      md5: a994b81147cb7f1d9e2b1f3399ba30f7
      size: 1285
    outs:
    - path: ./models/twt_roberta_model.pkl
      hash: md5
      md5: 28f525c3982e89b047a0673ba48458d9
      size: 498697099
    - path: roberta.json
      md5: 7ed9cf763e903cf16cf4017ae74d21f7
      size: 28
  train-random-forest:
    cmd: "python ./src/models/train_random_forest.py ./data/raw/a1_RestaurantReviews_HistoricDump.tsv
      ./data/processed/processed_data.joblib ./models/random_forest_model.joblib 12\n"
    deps:
    - path: ./data/processed/processed_data.joblib
      md5: b9ebf24cdaf8211af925afe954c6ecf4
      size: 10224225
    - path: ./data/raw/a1_RestaurantReviews_HistoricDump.tsv
      md5: f301a6d162636b3c5e31b168ac0052aa
      size: 55585
    - path: ./src/models/train_random_forest.py
      hash: md5
      md5: 025edd48c39110b19897b484d36b60df
      size: 4416
    outs:
    - path: ./models/random_forest_model.joblib
      md5: 7bb37be97d51b0620f7ac674df219417
      size: 36557913
    - path: random-forest.json
      md5: a54c46bf2a0e2ad159eba57f1c33f5fb
      size: 32
