schema: '2.0'
stages:
  process:
    cmd: python ./src/data/make_dataset.py ./data/raw/a1_RestaurantReviews_HistoricDump.tsv
      ./data/processed/processed_data.joblib
    deps:
    - path: ./data/raw/a1_RestaurantReviews_HistoricDump.tsv
      md5: f301a6d162636b3c5e31b168ac0052aa
      size: 55585
    - path: ./src/data/make_dataset.py
      md5: bef6cca9847f65b3e688de15134c4f0b
      size: 3192
    outs:
    - path: ./data/processed/processed_data.joblib
      md5: b9ebf24cdaf8211af925afe954c6ecf4
      size: 10224225
  train:
    cmd: "python ./src/models/train_model.py ./data/raw/a1_RestaurantReviews_HistoricDump.tsv
      ./data/processed/processed_data.joblib ./models/sentiment_model.joblib 5\npython
      ./src/models/train_twt_roberta_model.py ./models/twt_roberta_model.pkl\n"
    deps:
    - path: ./data/processed/processed_data.joblib
      md5: b9ebf24cdaf8211af925afe954c6ecf4
      size: 10224225
    - path: ./data/raw/a1_RestaurantReviews_HistoricDump.tsv
      md5: f301a6d162636b3c5e31b168ac0052aa
      size: 55585
    - path: ./src/models/train_model.py
      md5: c4fa8854180b2abfadc23aaacaa87da0
      size: 4035
    - path: ./src/models/train_twt_roberta_model.py
      md5: 25cc52781741a8d3b1831fcc61ec1a01
      size: 619
    outs:
    - path: ./models/sentiment_model.joblib
      md5: 649615810f57033e7b806a0be21c75e0
      size: 46215
    - path: ./models/twt_roberta_model.pkl
      md5: 8863bc7499c24a42cf74cceacd94ef82
      size: 498697062
    - path: metrics.json
      md5: b687424ba324800f72bd06751070c065
      size: 32
